Microsoft Visual Studio Solution File, Format Version 12.00
# Visual Studio Version 17
VisualStudioVersion = 17.5.2.0
MinimumVisualStudioVersion = 10.0.40219.1
Project("{FAE04EC0-301F-11D3-BF4B-00C04F79EFBC}") = "ParkingSystem3", "ParkingSystem3.csproj", "{955AED27-0F7D-5B59-D0DC-A92AB0BB14B0}"
EndProject
Global
	GlobalSection(SolutionConfigurationPlatforms) = preSolution
		Debug|Any CPU = Debug|Any CPU
		Release|Any CPU = Release|Any CPU
	EndGlobalSection
	GlobalSection(ProjectConfigurationPlatforms) = postSolution
		{955AED27-0F7D-5B59-D0DC-A92AB0BB14B0}.Debug|Any CPU.ActiveCfg = Debug|Any CPU
		{955AED27-0F7D-5B59-D0DC-A92AB0BB14B0}.Debug|Any CPU.Build.0 = Debug|Any CPU
		{955AED27-0F7D-5B59-D0DC-A92AB0BB14B0}.Release|Any CPU.ActiveCfg = Release|Any CPU
		{955AED27-0F7D-5B59-D0DC-A92AB0BB14B0}.Release|Any CPU.Build.0 = Release|Any CPU
	EndGlobalSection
	GlobalSection(SolutionProperties) = preSolution
		HideSolutionNode = FALSE
	EndGlobalSection
	GlobalSection(ExtensibilityGlobals) = postSolution
		SolutionGuid = {24DAD5C4-368A-4B1A-8751-0F987E29A5DD}
	EndGlobalSection
EndGlobal
